// !$*UTF8*$!
{
	archiveVersion = 1;
	classes = {
	};
	objectVersion = 46;
	objects = {

/* Begin PBXBuildFile section */
		3177DD52C6084506FA13EAC1 /* Pods_Instagram.framework in Frameworks */ = {isa = PBXBuildFile; fileRef = 1A4C9CA6CD8760CC9E4D40F0 /* Pods_Instagram.framework */; };
		F6C367571C617F9C0035A1A5 /* PhotosViewController.swift in Sources */ = {isa = PBXBuildFile; fileRef = F6C367561C617F9C0035A1A5 /* PhotosViewController.swift */; settings = {ASSET_TAGS = (); }; };
		F6C367591C6183AF0035A1A5 /* PhotoCell.swift in Sources */ = {isa = PBXBuildFile; fileRef = F6C367581C6183AF0035A1A5 /* PhotoCell.swift */; settings = {ASSET_TAGS = (); }; };
		F6E509BA1C5AD98900FE5F4E /* AppDelegate.swift in Sources */ = {isa = PBXBuildFile; fileRef = F6E509B91C5AD98900FE5F4E /* AppDelegate.swift */; };
		F6E509BF1C5AD98900FE5F4E /* Main.storyboard in Resources */ = {isa = PBXBuildFile; fileRef = F6E509BD1C5AD98900FE5F4E /* Main.storyboard */; };
		F6E509C11C5AD98900FE5F4E /* Assets.xcassets in Resources */ = {isa = PBXBuildFile; fileRef = F6E509C01C5AD98900FE5F4E /* Assets.xcassets */; };
		F6E509C41C5AD98900FE5F4E /* LaunchScreen.storyboard in Resources */ = {isa = PBXBuildFile; fileRef = F6E509C21C5AD98900FE5F4E /* LaunchScreen.storyboard */; };
/* End PBXBuildFile section */

/* Begin PBXFileReference section */
		1A4C9CA6CD8760CC9E4D40F0 /* Pods_Instagram.framework */ = {isa = PBXFileReference; explicitFileType = wrapper.framework; includeInIndex = 0; path = Pods_Instagram.framework; sourceTree = BUILT_PRODUCTS_DIR; };
		7F0D5425C137782F73BDF37B /* Pods-Instagram.release.xcconfig */ = {isa = PBXFileReference; includeInIndex = 1; lastKnownFileType = text.xcconfig; name = "Pods-Instagram.release.xcconfig"; path = "Pods/Target Support Files/Pods-Instagram/Pods-Instagram.release.xcconfig"; sourceTree = "<group>"; };
		F6C367561C617F9C0035A1A5 /* PhotosViewController.swift */ = {isa = PBXFileReference; fileEncoding = 4; lastKnownFileType = sourcecode.swift; path = PhotosViewController.swift; sourceTree = "<group>"; };
		F6C367581C6183AF0035A1A5 /* PhotoCell.swift */ = {isa = PBXFileReference; fileEncoding = 4; lastKnownFileType = sourcecode.swift; path = PhotoCell.swift; sourceTree = "<group>"; };
		F6E509B61C5AD98900FE5F4E /* Instagram.app */ = {isa = PBXFileReference; explicitFileType = wrapper.application; includeInIndex = 0; path = Instagram.app; sourceTree = BUILT_PRODUCTS_DIR; };
		F6E509B91C5AD98900FE5F4E /* AppDelegate.swift */ = {isa = PBXFileReference; lastKnownFileType = sourcecode.swift; path = AppDelegate.swift; sourceTree = "<group>"; };
		F6E509BE1C5AD98900FE5F4E /* Base */ = {isa = PBXFileReference; lastKnownFileType = file.storyboard; name = Base; path = Base.lproj/Main.storyboard; sourceTree = "<group>"; };
		F6E509C01C5AD98900FE5F4E /* Assets.xcassets */ = {isa = PBXFileReference; lastKnownFileType = folder.assetcatalog; path = Assets.xcassets; sourceTree = "<group>"; };
		F6E509C31C5AD98900FE5F4E /* Base */ = {isa = PBXFileReference; lastKnownFileType = file.storyboard; name = Base; path = Base.lproj/LaunchScreen.storyboard; sourceTree = "<group>"; };
		F6E509C51C5AD98900FE5F4E /* Info.plist */ = {isa = PBXFileReference; lastKnownFileType = text.plist.xml; path = Info.plist; sourceTree = "<group>"; };
		FE1B4A13CF64A18B79EAB8D0 /* Pods-Instagram.debug.xcconfig */ = {isa = PBXFileReference; includeInIndex = 1; lastKnownFileType = text.xcconfig; name = "Pods-Instagram.debug.xcconfig"; path = "Pods/Target Support Files/Pods-Instagram/Pods-Instagram.debug.xcconfig"; sourceTree = "<group>"; };
/* End PBXFileReference section */

/* Begin PBXFrameworksBuildPhase section */
		F6E509B31C5AD98900FE5F4E /* Frameworks */ = {
			isa = PBXFrameworksBuildPhase;
			buildActionMask = 2147483647;
			files = (
				3177DD52C6084506FA13EAC1 /* Pods_Instagram.framework in Frameworks */,
			);
			runOnlyForDeploymentPostprocessing = 0;
		};
/* End PBXFrameworksBuildPhase section */

/* Begin PBXGroup section */
		766D36B57D114AD21CB8E06C /* Frameworks */ = {
			isa = PBXGroup;
			children = (
				1A4C9CA6CD8760CC9E4D40F0 /* Pods_Instagram.framework */,
			);
			name = Frameworks;
			sourceTree = "<group>";
		};
		F597A5CC60C187199028E7C1 /* Pods */ = {
			isa = PBXGroup;
			children = (
				FE1B4A13CF64A18B79EAB8D0 /* Pods-Instagram.debug.xcconfig */,
				7F0D5425C137782F73BDF37B /* Pods-Instagram.release.xcconfig */,
			);
			name = Pods;
			sourceTree = "<group>";
		};
		F6E509AD1C5AD98900FE5F4E = {
			isa = PBXGroup;
			children = (
				F6E509B81C5AD98900FE5F4E /* Instagram */,
				F6E509B71C5AD98900FE5F4E /* Products */,
				F597A5CC60C187199028E7C1 /* Pods */,
				766D36B57D114AD21CB8E06C /* Frameworks */,
			);
			sourceTree = "<group>";
		};
		F6E509B71C5AD98900FE5F4E /* Products */ = {
			isa = PBXGroup;
			children = (
				F6E509B61C5AD98900FE5F4E /* Instagram.app */,
			);
			name = Products;
			sourceTree = "<group>";
		};
		F6E509B81C5AD98900FE5F4E /* Instagram */ = {
			isa = PBXGroup;
			children = (
				F6E509B91C5AD98900FE5F4E /* AppDelegate.swift */,
				F6E509BD1C5AD98900FE5F4E /* Main.storyboard */,
				F6E509C01C5AD98900FE5F4E /* Assets.xcassets */,
				F6E509C21C5AD98900FE5F4E /* LaunchScreen.storyboard */,
				F6E509C51C5AD98900FE5F4E /* Info.plist */,
				F6C367561C617F9C0035A1A5 /* PhotosViewController.swift */,
				F6C367581C6183AF0035A1A5 /* PhotoCell.swift */,
			);
			path = Instagram;
			sourceTree = "<group>";
		};
/* End PBXGroup section */

/* Begin PBXNativeTarget section */
		F6E509B51C5AD98900FE5F4E /* Instagram */ = {
			isa = PBXNativeTarget;
			buildConfigurationList = F6E509C81C5AD98900FE5F4E /* Build configuration list for PBXNativeTarget "Instagram" */;
			buildPhases = (
				06D1E592980F071D981390F2 /* Check Pods Manifest.lock */,
				F6E509B21C5AD98900FE5F4E /* Sources */,
				F6E509B31C5AD98900FE5F4E /* Frameworks */,
				F6E509B41C5AD98900FE5F4E /* Resources */,
				5F8E6DDE55BFAF97D863903F /* Embed Pods Frameworks */,
				D21CAB5EA781EC0BF9F80813 /* Copy Pods Resources */,
			);
			buildRules = (
			);
			dependencies = (
			);
			name = Instagram;
			productName = Instagram;
			productReference = F6E509B61C5AD98900FE5F4E /* Instagram.app */;
			productType = "com.apple.product-type.application";
		};
/* End PBXNativeTarget section */

/* Begin PBXProject section */
		F6E509AE1C5AD98900FE5F4E /* Project object */ = {
			isa = PBXProject;
			attributes = {
				LastUpgradeCheck = 0700;
				ORGANIZATIONNAME = "Javier Bustillo";
				TargetAttributes = {
					F6E509B51C5AD98900FE5F4E = {
						CreatedOnToolsVersion = 7.0;
					};
				};
			};
			buildConfigurationList = F6E509B11C5AD98900FE5F4E /* Build configuration list for PBXProject "Instagram" */;
			compatibilityVersion = "Xcode 3.2";
			developmentRegion = English;
			hasScannedForEncodings = 0;
			knownRegions = (
				en,
				Base,
			);
			mainGroup = F6E509AD1C5AD98900FE5F4E;
			productRefGroup = F6E509B71C5AD98900FE5F4E /* Products */;
			projectDirPath = "";
			projectRoot = "";
			targets = (
				F6E509B51C5AD98900FE5F4E /* Instagram */,
			);
		};
/* End PBXProject section */

/* Begin PBXResourcesBuildPhase section */
		F6E509B41C5AD98900FE5F4E /* Resources */ = {
			isa = PBXResourcesBuildPhase;
			buildActionMask = 2147483647;
			files = (
				F6E509C41C5AD98900FE5F4E /* LaunchScreen.storyboard in Resources */,
				F6E509C11C5AD98900FE5F4E /* Assets.xcassets in Resources */,
				F6E509BF1C5AD98900FE5F4E /* Main.storyboard in Resources */,
			);
			runOnlyForDeploymentPostprocessing = 0;
		};
/* End PBXResourcesBuildPhase section */

/* Begin PBXShellScriptBuildPhase section */
		06D1E592980F071D981390F2 /* Check Pods Manifest.lock */ = {
			isa = PBXShellScriptBuildPhase;
			buildActionMask = 2147483647;
			files = (
			);
			inputPaths = (
			);
			name = "Check Pods Manifest.lock";
			outputPaths = (
			);
			runOnlyForDeploymentPostprocessing = 0;
			shellPath = /bin/sh;
			shellScript = "diff \"${PODS_ROOT}/../Podfile.lock\" \"${PODS_ROOT}/Manifest.lock\" > /dev/null\nif [[ $? != 0 ]] ; then\n    cat << EOM\nerror: The sandbox is not in sync with the Podfile.lock. Run 'pod install' or update your CocoaPods installation.\nEOM\n    exit 1\nfi\n";
			showEnvVarsInLog = 0;
		};
		5F8E6DDE55BFAF97D863903F /* Embed Pods Frameworks */ = {
			isa = PBXShellScriptBuildPhase;
			buildActionMask = 2147483647;
			files = (
			);
			inputPaths = (
			);
			name = "Embed Pods Frameworks";
			outputPaths = (
			);
			runOnlyForDeploymentPostprocessing = 0;
			shellPath = /bin/sh;
			shellScript = "\"${SRCROOT}/Pods/Target Support Files/Pods-Instagram/Pods-Instagram-frameworks.sh\"\n";
			showEnvVarsInLog = 0;
		};
		D21CAB5EA781EC0BF9F80813 /* Copy Pods Resources */ = {
			isa = PBXShellScriptBuildPhase;
			buildActionMask = 2147483647;
			files = (
			);
			inputPaths = (
			);
			name = "Copy Pods Resources";
			outputPaths = (
			);
			runOnlyForDeploymentPostprocessing = 0;
			shellPath = /bin/sh;
			shellScript = "\"${SRCROOT}/Pods/Target Support Files/Pods-Instagram/Pods-Instagram-resources.sh\"\n";
			showEnvVarsInLog = 0;
		};
/* End PBXShellScriptBuildPhase section */

/* Begin PBXSourcesBuildPhase section */
		F6E509B21C5AD98900FE5F4E /* Sources */ = {
			isa = PBXSourcesBuildPhase;
			buildActionMask = 2147483647;
			files = (
				F6C367571C617F9C0035A1A5 /* PhotosViewController.swift in Sources */,
				F6C367591C6183AF0035A1A5 /* PhotoCell.swift in Sources */,
				F6E509BA1C5AD98900FE5F4E /* AppDelegate.swift in Sources */,
			);
			runOnlyForDeploymentPostprocessing = 0;
		};
/* End PBXSourcesBuildPhase section */

/* Begin PBXVariantGroup section */
		F6E509BD1C5AD98900FE5F4E /* Main.storyboard */ = {
			isa = PBXVariantGroup;
			children = (
				F6E509BE1C5AD98900FE5F4E /* Base */,
			);
			name = Main.storyboard;
			sourceTree = "<group>";
		};
		F6E509C21C5AD98900FE5F4E /* LaunchScreen.storyboard */ = {
			isa = PBXVariantGroup;
			children = (
				F6E509C31C5AD98900FE5F4E /* Base */,
			);
			name = LaunchScreen.storyboard;
			sourceTree = "<group>";
		};
/* End PBXVariantGroup section */

/* Begin XCBuildConfiguration section */
		F6E509C61C5AD98900FE5F4E /* Debug */ = {
			isa = XCBuildConfiguration;
			buildSettings = {
				ALWAYS_SEARCH_USER_PATHS = NO;
				CLANG_CXX_LANGUAGE_STANDARD = "gnu++0x";
				CLANG_CXX_LIBRARY = "libc++";
				CLANG_ENABLE_MODULES = YES;
				CLANG_ENABLE_OBJC_ARC = YES;
				CLANG_WARN_BOOL_CONVERSION = YES;
				CLANG_WARN_CONSTANT_CONVERSION = YES;
				CLANG_WARN_DIRECT_OBJC_ISA_USAGE = YES_ERROR;
				CLANG_WARN_EMPTY_BODY = YES;
				CLANG_WARN_ENUM_CONVERSION = YES;
				CLANG_WARN_INT_CONVERSION = YES;
				CLANG_WARN_OBJC_ROOT_CLASS = YES_ERROR;
				CLANG_WARN_UNREACHABLE_CODE = YES;
				CLANG_WARN__DUPLICATE_METHOD_MATCH = YES;
				"CODE_SIGN_IDENTITY[sdk=iphoneos*]" = "iPhone Developer";
				COPY_PHASE_STRIP = NO;
				DEBUG_INFORMATION_FORMAT = dwarf;
				ENABLE_STRICT_OBJC_MSGSEND = YES;
				ENABLE_TESTABILITY = YES;
				GCC_C_LANGUAGE_STANDARD = gnu99;
				GCC_DYNAMIC_NO_PIC = NO;
				GCC_NO_COMMON_BLOCKS = YES;
				GCC_OPTIMIZATION_LEVEL = 0;
				GCC_PREPROCESSOR_DEFINITIONS = (
					"DEBUG=1",
					"$(inherited)",
				);
				GCC_WARN_64_TO_32_BIT_CONVERSION = YES;
				GCC_WARN_ABOUT_RETURN_TYPE = YES_ERROR;
				GCC_WARN_UNDECLARED_SELECTOR = YES;
				GCC_WARN_UNINITIALIZED_AUTOS = YES_AGGRESSIVE;
				GCC_WARN_UNUSED_FUNCTION = YES;
				GCC_WARN_UNUSED_VARIABLE = YES;
				IPHONEOS_DEPLOYMENT_TARGET = 9.0;
				MTL_ENABLE_DEBUG_INFO = YES;
				ONLY_ACTIVE_ARCH = YES;
				SDKROOT = iphoneos;
				SWIFT_OPTIMIZATION_LEVEL = "-Onone";
				TARGETED_DEVICE_FAMILY = "1,2";
			};
			name = Debug;
		};
		F6E509C71C5AD98900FE5F4E /* Release */ = {
			isa = XCBuildConfiguration;
			buildSettings = {
				ALWAYS_SEARCH_USER_PATHS = NO;
				CLANG_CXX_LANGUAGE_STANDARD = "gnu++0x";
				CLANG_CXX_LIBRARY = "libc++";
				CLANG_ENABLE_MODULES = YES;
				CLANG_ENABLE_OBJC_ARC = YES;
				CLANG_WARN_BOOL_CONVERSION = YES;
				CLANG_WARN_CONSTANT_CONVERSION = YES;
				CLANG_WARN_DIRECT_OBJC_ISA_USAGE = YES_ERROR;
				CLANG_WARN_EMPTY_BODY = YES;
				CLANG_WARN_ENUM_CONVERSION = YES;
				CLANG_WARN_INT_CONVERSION = YES;
				CLANG_WARN_OBJC_ROOT_CLASS = YES_ERROR;
				CLANG_WARN_UNREACHABLE_CODE = YES;
				CLANG_WARN__DUPLICATE_METHOD_MATCH = YES;
				"CODE_SIGN_IDENTITY[sdk=iphoneos*]" = "iPhone Developer";
				COPY_PHASE_STRIP = NO;
				DEBUG_INFORMATION_FORMAT = "dwarf-with-dsym";
				ENABLE_NS_ASSERTIONS = NO;
				ENABLE_STRICT_OBJC_MSGSEND = YES;
				GCC_C_LANGUAGE_STANDARD = gnu99;
				GCC_NO_COMMON_BLOCKS = YES;
				GCC_WARN_64_TO_32_BIT_CONVERSION = YES;
				GCC_WARN_ABOUT_RETURN_TYPE = YES_ERROR;
				GCC_WARN_UNDECLARED_SELECTOR = YES;
				GCC_WARN_UNINITIALIZED_AUTOS = YES_AGGRESSIVE;
				GCC_WARN_UNUSED_FUNCTION = YES;
				GCC_WARN_UNUSED_VARIABLE = YES;
				IPHONEOS_DEPLOYMENT_TARGET = 9.0;
				MTL_ENABLE_DEBUG_INFO = NO;
				SDKROOT = iphoneos;
				TARGETED_DEVICE_FAMILY = "1,2";
				VALIDATE_PRODUCT = YES;
			};
			name = Release;
		};
		F6E509C91C5AD98900FE5F4E /* Debug */ = {
			isa = XCBuildConfiguration;
			baseConfigurationReference = FE1B4A13CF64A18B79EAB8D0 /* Pods-Instagram.debug.xcconfig */;
			buildSettings = {
				ASSETCATALOG_COMPILER_APPICON_NAME = AppIcon;
				INFOPLIST_FILE = Instagram/Info.plist;
				LD_RUNPATH_SEARCH_PATHS = "$(inherited) @executable_path/Frameworks";
				PRODUCT_BUNDLE_IDENTIFIER = Javdav.Instagram;
				PRODUCT_NAME = "$(TARGET_NAME)";
			};
			name = Debug;
		};
		F6E509CA1C5AD98900FE5F4E /* Release */ = {
			isa = XCBuildConfiguration;
			baseConfigurationReference = 7F0D5425C137782F73BDF37B /* Pods-Instagram.release.xcconfig */;
			buildSettings = {
				ASSETCATALOG_COMPILER_APPICON_NAME = AppIcon;
				INFOPLIST_FILE = Instagram/Info.plist;
				LD_RUNPATH_SEARCH_PATHS = "$(inherited) @executable_path/Frameworks";
				PRODUCT_BUNDLE_IDENTIFIER = Javdav.Instagram;
				PRODUCT_NAME = "$(TARGET_NAME)";
			};
			name = Release;
		};
/* End XCBuildConfiguration section */

/* Begin XCConfigurationList section */
		F6E509B11C5AD98900FE5F4E /* Build configuration list for PBXProject "Instagram" */ = {
			isa = XCConfigurationList;
			buildConfigurations = (
				F6E509C61C5AD98900FE5F4E /* Debug */,
				F6E509C71C5AD98900FE5F4E /* Release */,
			);
			defaultConfigurationIsVisible = 0;
			defaultConfigurationName = Release;
		};
		F6E509C81C5AD98900FE5F4E /* Build configuration list for PBXNativeTarget "Instagram" */ = {
			isa = XCConfigurationList;
			buildConfigurations = (
				F6E509C91C5AD98900FE5F4E /* Debug */,
				F6E509CA1C5AD98900FE5F4E /* Release */,
			);
			defaultConfigurationIsVisible = 0;
			defaultConfigurationName = Release;
		};
/* End XCConfigurationList section */
	};
	rootObject = F6E509AE1C5AD98900FE5F4E /* Project object */;
}
